
Microsoft Visual Studio Solution File, Format Version 12.00
# Visual Studio Version 16
VisualStudioVersion = 16.0.29025.244
MinimumVisualStudioVersion = 10.0.40219.1
Project("{FAE04EC0-301F-11D3-BF4B-00C04F79EFBC}") = "calk", "calk\calk.csproj", "{671B7295-E4F9-4451-A59B-8FB9F59E32D3}"
EndProject
Global
	GlobalSection(SolutionConfigurationPlatforms) = preSolution
		Debug|Any CPU = Debug|Any CPU
		Release|Any CPU = Release|Any CPU
	EndGlobalSection
	GlobalSection(ProjectConfigurationPlatforms) = postSolution
		{671B7295-E4F9-4451-A59B-8FB9F59E32D3}.Debug|Any CPU.ActiveCfg = Debug|Any CPU
		{671B7295-E4F9-4451-A59B-8FB9F59E32D3}.Debug|Any CPU.Build.0 = Debug|Any CPU
		{671B7295-E4F9-4451-A59B-8FB9F59E32D3}.Release|Any CPU.ActiveCfg = Release|Any CPU
		{671B7295-E4F9-4451-A59B-8FB9F59E32D3}.Release|Any CPU.Build.0 = Release|Any CPU
	EndGlobalSection
	GlobalSection(SolutionProperties) = preSolution
		HideSolutionNode = FALSE
	EndGlobalSection
	GlobalSection(ExtensibilityGlobals) = postSolution
		SolutionGuid = {0D96E411-5FC8-4485-95F2-E4B652C97BF9}
	EndGlobalSection
EndGlobal
